
Microsoft Visual Studio Solution File, Format Version 12.00
# Visual Studio Version 16
VisualStudioVersion = 16.0.31410.357
MinimumVisualStudioVersion = 10.0.40219.1
Project("{FAE04EC0-301F-11D3-BF4B-00C04F79EFBC}") = "Library Management System", "Library Management System\Library Management System.csproj", "{09683DAC-2A1C-457A-8E6E-8A377225A1BF}"
EndProject
Project("{2150E333-8FDC-42A3-9474-1A3956D46DE8}") = "Solution Items", "Solution Items", "{61E57211-3108-4CCA-B50B-CBDB4CB951F7}"
	ProjectSection(SolutionItems) = preProject
		.editorconfig = .editorconfig
	EndProjectSection
EndProject
Global
	GlobalSection(SolutionConfigurationPlatforms) = preSolution
		Debug|Any CPU = Debug|Any CPU
		Release|Any CPU = Release|Any CPU
	EndGlobalSection
	GlobalSection(ProjectConfigurationPlatforms) = postSolution
		{09683DAC-2A1C-457A-8E6E-8A377225A1BF}.Debug|Any CPU.ActiveCfg = Debug|Any CPU
		{09683DAC-2A1C-457A-8E6E-8A377225A1BF}.Debug|Any CPU.Build.0 = Debug|Any CPU
		{09683DAC-2A1C-457A-8E6E-8A377225A1BF}.Release|Any CPU.ActiveCfg = Release|Any CPU
		{09683DAC-2A1C-457A-8E6E-8A377225A1BF}.Release|Any CPU.Build.0 = Release|Any CPU
	EndGlobalSection
	GlobalSection(SolutionProperties) = preSolution
		HideSolutionNode = FALSE
	EndGlobalSection
	GlobalSection(ExtensibilityGlobals) = postSolution
		SolutionGuid = {68894770-6841-40C8-B577-F9DB72B35A8C}
	EndGlobalSection
EndGlobal
